{
  "name": "pin-test",
  "version": "1.0.0",
  "lockfileVersion": 1,
  "requires": true,
  "dependencies": {
    "curling": {
      "version": "0.1.0",
      "resolved": "https://registry.npmjs.org/curling/-/curling-0.1.0.tgz",
      "integrity": "sha1-26SQFAp2TmeYbbK+8DZtpKdpNZE="
    },
    "js-extend": {
      "version": "1.0.1",
      "resolved": "https://registry.npmjs.org/js-extend/-/js-extend-1.0.1.tgz",
      "integrity": "sha1-UFUasaxx1LswLkBA675ZAzuisfc="
    }
  }
}
